<?xml version="1.0" encoding="utf-8"?>
<Project ToolsVersion="4.0" xmlns="http://schemas.microsoft.com/developer/msbuild/2003">
  <ItemGroup>
    <Filter Include="Source Files">
      <UniqueIdentifier>{4FC737F1-C7A5-4376-A066-2A32D752A2FF}</UniqueIdentifier>
      <Extensions>cpp;c;cc;cxx;def;odl;idl;hpj;bat;asm;asmx</Extensions>
    </Filter>
    <Filter Include="Header Files">
      <UniqueIdentifier>{93995380-89BD-4b04-88EB-625FBE52EBFB}</UniqueIdentifier>
      <Extensions>h;hh;hpp;hxx;hm;inl;inc;xsd</Extensions>
    </Filter>
  </ItemGroup>
  <ItemGroup>
    <ClCompile Include="d3d9.cpp">
      <Filter>Source Files</Filter>
    </ClCompile>
    <ClCompile Include="dllmain.cpp">
      <Filter>Source Files</Filter>
    </ClCompile>
    <ClCompile Include="Device.cpp">
      <Filter>Source Files</Filter>
    </ClCompile>
    <ClCompile Include="Texture.cpp">
      <Filter>Source Files</Filter>
    </ClCompile>
    <ClCompile Include="CubeMapTexture.cpp">
      <Filter>Source Files</Filter>
    </ClCompile>
    <ClCompile Include="VertexBuffer.cpp">
      <Filter>Source Files</Filter>
    </ClCompile>
    <ClCompile Include="IndexBuffer.cpp">
      <Filter>Source Files</Filter>
    </ClCompile>
    <ClCompile Include="PixelShader.cpp">
      <Filter>Source Files</Filter>
    </ClCompile>
    <ClCompile Include="Query.cpp">
      <Filter>Source Files</Filter>
    </ClCompile>
    <ClCompile Include="StateBlock.cpp">
      <Filter>Source Files</Filter>
    </ClCompile>
    <ClCompile Include="Surface.cpp">
      <Filter>Source Files</Filter>
    </ClCompile>
    <ClCompile Include="SwapChain.cpp">
      <Filter>Source Files</Filter>
    </ClCompile>
    <ClCompile Include="VertexDeclaration.cpp">
      <Filter>Source Files</Filter>
    </ClCompile>
    <ClCompile Include="VertexShader.cpp">
      <Filter>Source Files</Filter>
    </ClCompile>
    <ClCompile Include="Volume.cpp">
      <Filter>Source Files</Filter>
    </ClCompile>
    <ClCompile Include="VolumeTexture.cpp">
      <Filter>Source Files</Filter>
    </ClCompile>
    <ClCompile Include="PreCompile.cpp">
      <Filter>Source Files</Filter>
    </ClCompile>
    <ClCompile Include="Video.cpp">
      <Filter>Source Files</Filter>
    </ClCompile>
  </ItemGroup>
  <ItemGroup>
    <None Include="d3d9.def">
      <Filter>Source Files</Filter>
    </None>
  </ItemGroup>
  <ItemGroup>
    <ClInclude Include="IDirect3D9.h">
      <Filter>Header Files</Filter>
    </ClInclude>
    <ClInclude Include="IDirect3DDevice9.h">
      <Filter>Header Files</Filter>
    </ClInclude>
    <ClInclude Include="ForwardDeclarations.h">
      <Filter>Header Files</Filter>
    </ClInclude>
    <ClInclude Include="IDirect3DBaseTexture9.h">
      <Filter>Header Files</Filter>
    </ClInclude>
    <ClInclude Include="IDirect3DResource9.h">
      <Filter>Header Files</Filter>
    </ClInclude>
    <ClInclude Include="IDirect3DTexture9.h">
      <Filter>Header Files</Filter>
    </ClInclude>
    <ClInclude Include="IDirect3DCubeTexture.h">
      <Filter>Header Files</Filter>
    </ClInclude>
    <ClInclude Include="IDirect3DVertexBuffer9.h">
      <Filter>Header Files</Filter>
    </ClInclude>
    <ClInclude Include="IDirect3DIndexBuffer9.h">
      <Filter>Header Files</Filter>
    </ClInclude>
    <ClInclude Include="IDirect3DPixelShader9.h">
      <Filter>Header Files</Filter>
    </ClInclude>
    <ClInclude Include="IDirect3DQuery9.h">
      <Filter>Header Files</Filter>
    </ClInclude>
    <ClInclude Include="IDirect3DStateBlock9.h">
      <Filter>Header Files</Filter>
    </ClInclude>
    <ClInclude Include="IDirect3DSurface9.h">
      <Filter>Header Files</Filter>
    </ClInclude>
    <ClInclude Include="IDirect3DSwapChain9.h">
      <Filter>Header Files</Filter>
    </ClInclude>
    <ClInclude Include="IDirect3DVertexDeclaration9.h">
      <Filter>Header Files</Filter>
    </ClInclude>
    <ClInclude Include="IDirect3DVertexShader9.h">
      <Filter>Header Files</Filter>
    </ClInclude>
    <ClInclude Include="IDirect3DVolume9.h">
      <Filter>Header Files</Filter>
    </ClInclude>
    <ClInclude Include="IDirect3DVolumeTexture9.h">
      <Filter>Header Files</Filter>
    </ClInclude>
    <ClInclude Include="PreCompile.h">
      <Filter>Header Files</Filter>
    </ClInclude>
    <ClInclude Include="IDirect3DDevice9Video.h">
      <Filter>Header Files</Filter>
    </ClInclude>
  </ItemGroup>
</Project>